
Microsoft Visual Studio Solution File, Format Version 12.00
# Visual Studio 15
VisualStudioVersion = 15.0.27428.2015
MinimumVisualStudioVersion = 10.0.40219.1
Project("{2150E333-8FDC-42A3-9474-1A3956D46DE8}") = "Testes", "Testes", "{6E28632E-A896-464D-BC70-073A089DD205}"
EndProject
Project("{9A19103F-16F7-4668-BE54-9A1E7A4F7556}") = "ComercioOnline.Teste", "ComercioOnline.Teste\ComercioOnline.Teste.csproj", "{4AEE159B-050B-4700-82B9-A0242E65FD7D}"
EndProject
Project("{9A19103F-16F7-4668-BE54-9A1E7A4F7556}") = "ComercioOnline.Model", "ComercioOnline.Model\ComercioOnline.Model.csproj", "{34750DB4-EED1-4459-A412-845BF517D900}"
EndProject
Project("{2150E333-8FDC-42A3-9474-1A3956D46DE8}") = "Repositório", "Repositório", "{5E087E39-D7BB-489D-BC87-4BDC36BFB66F}"
EndProject
Project("{FAE04EC0-301F-11D3-BF4B-00C04F79EFBC}") = "ComercioOnline.Validacao", "ComercioOnline.Validacao\ComercioOnline.Validacao.csproj", "{2F954398-B5B2-425D-A7A7-16CA9B86010E}"
EndProject
Global
	GlobalSection(SolutionConfigurationPlatforms) = preSolution
		Debug|Any CPU = Debug|Any CPU
		Release|Any CPU = Release|Any CPU
	EndGlobalSection
	GlobalSection(ProjectConfigurationPlatforms) = postSolution
		{4AEE159B-050B-4700-82B9-A0242E65FD7D}.Debug|Any CPU.ActiveCfg = Debug|Any CPU
		{4AEE159B-050B-4700-82B9-A0242E65FD7D}.Debug|Any CPU.Build.0 = Debug|Any CPU
		{4AEE159B-050B-4700-82B9-A0242E65FD7D}.Release|Any CPU.ActiveCfg = Release|Any CPU
		{4AEE159B-050B-4700-82B9-A0242E65FD7D}.Release|Any CPU.Build.0 = Release|Any CPU
		{34750DB4-EED1-4459-A412-845BF517D900}.Debug|Any CPU.ActiveCfg = Debug|Any CPU
		{34750DB4-EED1-4459-A412-845BF517D900}.Debug|Any CPU.Build.0 = Debug|Any CPU
		{34750DB4-EED1-4459-A412-845BF517D900}.Release|Any CPU.ActiveCfg = Release|Any CPU
		{34750DB4-EED1-4459-A412-845BF517D900}.Release|Any CPU.Build.0 = Release|Any CPU
		{2F954398-B5B2-425D-A7A7-16CA9B86010E}.Debug|Any CPU.ActiveCfg = Debug|Any CPU
		{2F954398-B5B2-425D-A7A7-16CA9B86010E}.Debug|Any CPU.Build.0 = Debug|Any CPU
		{2F954398-B5B2-425D-A7A7-16CA9B86010E}.Release|Any CPU.ActiveCfg = Release|Any CPU
		{2F954398-B5B2-425D-A7A7-16CA9B86010E}.Release|Any CPU.Build.0 = Release|Any CPU
	EndGlobalSection
	GlobalSection(SolutionProperties) = preSolution
		HideSolutionNode = FALSE
	EndGlobalSection
	GlobalSection(NestedProjects) = preSolution
		{4AEE159B-050B-4700-82B9-A0242E65FD7D} = {6E28632E-A896-464D-BC70-073A089DD205}
	EndGlobalSection
	GlobalSection(ExtensibilityGlobals) = postSolution
		SolutionGuid = {FD589D5A-FF85-4028-8356-CA0894DC8823}
	EndGlobalSection
EndGlobal
